
Microsoft Visual Studio Solution File, Format Version 12.00
# Visual Studio Version 17
VisualStudioVersion = 17.4.33213.308
MinimumVisualStudioVersion = 10.0.40219.1
Project("{9A19103F-16F7-4668-BE54-9A1E7A4F7556}") = "Musical-Theatre", "Musical-Theatre.csproj", "{7EFEC9AC-E159-4149-BA94-103854CBAE7D}"
EndProject
Global
	GlobalSection(SolutionConfigurationPlatforms) = preSolution
		Debug|Any CPU = Debug|Any CPU
		Release|Any CPU = Release|Any CPU
	EndGlobalSection
	GlobalSection(ProjectConfigurationPlatforms) = postSolution
		{7EFEC9AC-E159-4149-BA94-103854CBAE7D}.Debug|Any CPU.ActiveCfg = Debug|Any CPU
		{7EFEC9AC-E159-4149-BA94-103854CBAE7D}.Debug|Any CPU.Build.0 = Debug|Any CPU
		{7EFEC9AC-E159-4149-BA94-103854CBAE7D}.Release|Any CPU.ActiveCfg = Release|Any CPU
		{7EFEC9AC-E159-4149-BA94-103854CBAE7D}.Release|Any CPU.Build.0 = Release|Any CPU
	EndGlobalSection
	GlobalSection(SolutionProperties) = preSolution
		HideSolutionNode = FALSE
	EndGlobalSection
	GlobalSection(ExtensibilityGlobals) = postSolution
		SolutionGuid = {007C929D-15E6-452D-8B94-0A2F65F674BF}
	EndGlobalSection
EndGlobal
